
Microsoft Visual Studio Solution File, Format Version 12.00
# Visual Studio 15
VisualStudioVersion = 15.0.28010.2041
MinimumVisualStudioVersion = 10.0.40219.1
Project("{9A19103F-16F7-4668-BE54-9A1E7A4F7556}") = "WinApi.Demo.API", "src\HTTP\WinApi.Demo.API\WinApi.Demo.API.csproj", "{1BEC6903-9ED0-4D1B-8C38-35EECC99E416}"
	ProjectSection(ProjectDependencies) = postProject
		{D52C2852-5975-40E1-BFAC-6B86979CFE54} = {D52C2852-5975-40E1-BFAC-6B86979CFE54}
	EndProjectSection
EndProject
Project("{FAE04EC0-301F-11D3-BF4B-00C04F79EFBC}") = "WinApi.Demo.Client.HTTP", "src\HTTP\WinApi.Demo.Client.HTTP\WinApi.Demo.Client.HTTP.csproj", "{76944E28-1820-4734-9CCA-525B79034B0E}"
EndProject
Project("{2150E333-8FDC-42A3-9474-1A3956D46DE8}") = "lib", "lib", "{A4B499B5-15EE-4D8E-8E6E-A6CA9DC525EA}"
EndProject
Project("{2150E333-8FDC-42A3-9474-1A3956D46DE8}") = "src", "src", "{F6B87D38-63F8-40E6-BB9E-200576C3B6D8}"
EndProject
Project("{FAE04EC0-301F-11D3-BF4B-00C04F79EFBC}") = "WinApi.Demo.Chat.Client", "src\WebSockets\WinApi.Demo.Chat.Client\WinApi.Demo.Chat.Client.csproj", "{562102AE-1D7A-4AF1-B2C7-3D0555AB2884}"
EndProject
Project("{9A19103F-16F7-4668-BE54-9A1E7A4F7556}") = "WinApi.Demo.Chat.Server", "src\WebSockets\WinApi.Demo.Chat.Server\WinApi.Demo.Chat.Server.csproj", "{18DE7059-51CB-45BA-9659-E4B01DD9391D}"
EndProject
Project("{2150E333-8FDC-42A3-9474-1A3956D46DE8}") = "RPC", "RPC", "{A81CB909-A4FA-4BEC-8B0D-C517479468F1}"
EndProject
Project("{8BC9CEB8-8B4A-11D0-8D11-00A0C91BC942}") = "WinApi.Demo.Rpc.Core", "src\RPC\WinApi.Demo.Rpc.Core\WinApi.Demo.Rpc.Core.vcxproj", "{DC658B6C-8F0D-4EAA-A8B0-35A32D84099A}"
EndProject
Project("{8BC9CEB8-8B4A-11D0-8D11-00A0C91BC942}") = "WinApi.Demo.Rpc.Server", "src\RPC\WinApi.Demo.Rpc.Server\WinApi.Demo.Rpc.Server.vcxproj", "{B3F9A4B7-3698-4BEC-A929-A408AE12513C}"
EndProject
Project("{8BC9CEB8-8B4A-11D0-8D11-00A0C91BC942}") = "WinApi.Demo.Rpc.Client", "src\RPC\WinApi.Demo.Rpc.Client\WinApi.Demo.Rpc.Client.vcxproj", "{FC473D17-D823-4D45-A448-A272F7FA040D}"
EndProject
Project("{2150E333-8FDC-42A3-9474-1A3956D46DE8}") = "HTTP", "HTTP", "{43E74058-E7EB-4308-932C-1D90B0325CD1}"
EndProject
Project("{2150E333-8FDC-42A3-9474-1A3956D46DE8}") = "WebSockets", "WebSockets", "{9C847A41-280D-4DA2-A3E6-7F63892471DB}"
EndProject
Project("{FAE04EC0-301F-11D3-BF4B-00C04F79EFBC}") = "WinApi.Demo.Signatures", "lib\WinApi.Demo.Signatures\WinApi.Demo.Signatures.csproj", "{C5165F21-12D8-451E-BC49-68D29DC8FED9}"
EndProject
Project("{FAE04EC0-301F-11D3-BF4B-00C04F79EFBC}") = "WinApi.Demo.Models", "lib\WinApi.Demo.Models\WinApi.Demo.Models.csproj", "{D52C2852-5975-40E1-BFAC-6B86979CFE54}"
EndProject
Global
	GlobalSection(SolutionConfigurationPlatforms) = preSolution
		Debug|Any CPU = Debug|Any CPU
		Debug|x64 = Debug|x64
		Debug|x86 = Debug|x86
		Release|Any CPU = Release|Any CPU
		Release|x64 = Release|x64
		Release|x86 = Release|x86
	EndGlobalSection
	GlobalSection(ProjectConfigurationPlatforms) = postSolution
		{1BEC6903-9ED0-4D1B-8C38-35EECC99E416}.Debug|Any CPU.ActiveCfg = Debug|Any CPU
		{1BEC6903-9ED0-4D1B-8C38-35EECC99E416}.Debug|Any CPU.Build.0 = Debug|Any CPU
		{1BEC6903-9ED0-4D1B-8C38-35EECC99E416}.Debug|x64.ActiveCfg = Debug|Any CPU
		{1BEC6903-9ED0-4D1B-8C38-35EECC99E416}.Debug|x64.Build.0 = Debug|Any CPU
		{1BEC6903-9ED0-4D1B-8C38-35EECC99E416}.Debug|x86.ActiveCfg = Debug|Any CPU
		{1BEC6903-9ED0-4D1B-8C38-35EECC99E416}.Debug|x86.Build.0 = Debug|Any CPU
		{1BEC6903-9ED0-4D1B-8C38-35EECC99E416}.Release|Any CPU.ActiveCfg = Release|Any CPU
		{1BEC6903-9ED0-4D1B-8C38-35EECC99E416}.Release|Any CPU.Build.0 = Release|Any CPU
		{1BEC6903-9ED0-4D1B-8C38-35EECC99E416}.Release|x64.ActiveCfg = Release|Any CPU
		{1BEC6903-9ED0-4D1B-8C38-35EECC99E416}.Release|x64.Build.0 = Release|Any CPU
		{1BEC6903-9ED0-4D1B-8C38-35EECC99E416}.Release|x86.ActiveCfg = Release|Any CPU
		{1BEC6903-9ED0-4D1B-8C38-35EECC99E416}.Release|x86.Build.0 = Release|Any CPU
		{76944E28-1820-4734-9CCA-525B79034B0E}.Debug|Any CPU.ActiveCfg = Debug|Any CPU
		{76944E28-1820-4734-9CCA-525B79034B0E}.Debug|Any CPU.Build.0 = Debug|Any CPU
		{76944E28-1820-4734-9CCA-525B79034B0E}.Debug|x64.ActiveCfg = Debug|Any CPU
		{76944E28-1820-4734-9CCA-525B79034B0E}.Debug|x64.Build.0 = Debug|Any CPU
		{76944E28-1820-4734-9CCA-525B79034B0E}.Debug|x86.ActiveCfg = Debug|Any CPU
		{76944E28-1820-4734-9CCA-525B79034B0E}.Debug|x86.Build.0 = Debug|Any CPU
		{76944E28-1820-4734-9CCA-525B79034B0E}.Release|Any CPU.ActiveCfg = Release|Any CPU
		{76944E28-1820-4734-9CCA-525B79034B0E}.Release|Any CPU.Build.0 = Release|Any CPU
		{76944E28-1820-4734-9CCA-525B79034B0E}.Release|x64.ActiveCfg = Release|Any CPU
		{76944E28-1820-4734-9CCA-525B79034B0E}.Release|x64.Build.0 = Release|Any CPU
		{76944E28-1820-4734-9CCA-525B79034B0E}.Release|x86.ActiveCfg = Release|Any CPU
		{76944E28-1820-4734-9CCA-525B79034B0E}.Release|x86.Build.0 = Release|Any CPU
		{562102AE-1D7A-4AF1-B2C7-3D0555AB2884}.Debug|Any CPU.ActiveCfg = Debug|Any CPU
		{562102AE-1D7A-4AF1-B2C7-3D0555AB2884}.Debug|Any CPU.Build.0 = Debug|Any CPU
		{562102AE-1D7A-4AF1-B2C7-3D0555AB2884}.Debug|x64.ActiveCfg = Debug|Any CPU
		{562102AE-1D7A-4AF1-B2C7-3D0555AB2884}.Debug|x64.Build.0 = Debug|Any CPU
		{562102AE-1D7A-4AF1-B2C7-3D0555AB2884}.Debug|x86.ActiveCfg = Debug|Any CPU
		{562102AE-1D7A-4AF1-B2C7-3D0555AB2884}.Debug|x86.Build.0 = Debug|Any CPU
		{562102AE-1D7A-4AF1-B2C7-3D0555AB2884}.Release|Any CPU.ActiveCfg = Release|Any CPU
		{562102AE-1D7A-4AF1-B2C7-3D0555AB2884}.Release|Any CPU.Build.0 = Release|Any CPU
		{562102AE-1D7A-4AF1-B2C7-3D0555AB2884}.Release|x64.ActiveCfg = Release|Any CPU
		{562102AE-1D7A-4AF1-B2C7-3D0555AB2884}.Release|x64.Build.0 = Release|Any CPU
		{562102AE-1D7A-4AF1-B2C7-3D0555AB2884}.Release|x86.ActiveCfg = Release|Any CPU
		{562102AE-1D7A-4AF1-B2C7-3D0555AB2884}.Release|x86.Build.0 = Release|Any CPU
		{18DE7059-51CB-45BA-9659-E4B01DD9391D}.Debug|Any CPU.ActiveCfg = Debug|Any CPU
		{18DE7059-51CB-45BA-9659-E4B01DD9391D}.Debug|Any CPU.Build.0 = Debug|Any CPU
		{18DE7059-51CB-45BA-9659-E4B01DD9391D}.Debug|x64.ActiveCfg = Debug|Any CPU
		{18DE7059-51CB-45BA-9659-E4B01DD9391D}.Debug|x64.Build.0 = Debug|Any CPU
		{18DE7059-51CB-45BA-9659-E4B01DD9391D}.Debug|x86.ActiveCfg = Debug|Any CPU
		{18DE7059-51CB-45BA-9659-E4B01DD9391D}.Debug|x86.Build.0 = Debug|Any CPU
		{18DE7059-51CB-45BA-9659-E4B01DD9391D}.Release|Any CPU.ActiveCfg = Release|Any CPU
		{18DE7059-51CB-45BA-9659-E4B01DD9391D}.Release|Any CPU.Build.0 = Release|Any CPU
		{18DE7059-51CB-45BA-9659-E4B01DD9391D}.Release|x64.ActiveCfg = Release|Any CPU
		{18DE7059-51CB-45BA-9659-E4B01DD9391D}.Release|x64.Build.0 = Release|Any CPU
		{18DE7059-51CB-45BA-9659-E4B01DD9391D}.Release|x86.ActiveCfg = Release|Any CPU
		{18DE7059-51CB-45BA-9659-E4B01DD9391D}.Release|x86.Build.0 = Release|Any CPU
		{DC658B6C-8F0D-4EAA-A8B0-35A32D84099A}.Debug|Any CPU.ActiveCfg = Debug|Win32
		{DC658B6C-8F0D-4EAA-A8B0-35A32D84099A}.Debug|x64.ActiveCfg = Debug|x64
		{DC658B6C-8F0D-4EAA-A8B0-35A32D84099A}.Debug|x64.Build.0 = Debug|x64
		{DC658B6C-8F0D-4EAA-A8B0-35A32D84099A}.Debug|x86.ActiveCfg = Debug|Win32
		{DC658B6C-8F0D-4EAA-A8B0-35A32D84099A}.Debug|x86.Build.0 = Debug|Win32
		{DC658B6C-8F0D-4EAA-A8B0-35A32D84099A}.Release|Any CPU.ActiveCfg = Release|Win32
		{DC658B6C-8F0D-4EAA-A8B0-35A32D84099A}.Release|x64.ActiveCfg = Release|x64
		{DC658B6C-8F0D-4EAA-A8B0-35A32D84099A}.Release|x64.Build.0 = Release|x64
		{DC658B6C-8F0D-4EAA-A8B0-35A32D84099A}.Release|x86.ActiveCfg = Release|Win32
		{DC658B6C-8F0D-4EAA-A8B0-35A32D84099A}.Release|x86.Build.0 = Release|Win32
		{B3F9A4B7-3698-4BEC-A929-A408AE12513C}.Debug|Any CPU.ActiveCfg = Debug|Win32
		{B3F9A4B7-3698-4BEC-A929-A408AE12513C}.Debug|x64.ActiveCfg = Debug|x64
		{B3F9A4B7-3698-4BEC-A929-A408AE12513C}.Debug|x64.Build.0 = Debug|x64
		{B3F9A4B7-3698-4BEC-A929-A408AE12513C}.Debug|x86.ActiveCfg = Debug|Win32
		{B3F9A4B7-3698-4BEC-A929-A408AE12513C}.Debug|x86.Build.0 = Debug|Win32
		{B3F9A4B7-3698-4BEC-A929-A408AE12513C}.Release|Any CPU.ActiveCfg = Release|Win32
		{B3F9A4B7-3698-4BEC-A929-A408AE12513C}.Release|x64.ActiveCfg = Release|x64
		{B3F9A4B7-3698-4BEC-A929-A408AE12513C}.Release|x64.Build.0 = Release|x64
		{B3F9A4B7-3698-4BEC-A929-A408AE12513C}.Release|x86.ActiveCfg = Release|Win32
		{B3F9A4B7-3698-4BEC-A929-A408AE12513C}.Release|x86.Build.0 = Release|Win32
		{FC473D17-D823-4D45-A448-A272F7FA040D}.Debug|Any CPU.ActiveCfg = Debug|Win32
		{FC473D17-D823-4D45-A448-A272F7FA040D}.Debug|x64.ActiveCfg = Debug|x64
		{FC473D17-D823-4D45-A448-A272F7FA040D}.Debug|x64.Build.0 = Debug|x64
		{FC473D17-D823-4D45-A448-A272F7FA040D}.Debug|x86.ActiveCfg = Debug|Win32
		{FC473D17-D823-4D45-A448-A272F7FA040D}.Debug|x86.Build.0 = Debug|Win32
		{FC473D17-D823-4D45-A448-A272F7FA040D}.Release|Any CPU.ActiveCfg = Release|Win32
		{FC473D17-D823-4D45-A448-A272F7FA040D}.Release|x64.ActiveCfg = Release|x64
		{FC473D17-D823-4D45-A448-A272F7FA040D}.Release|x64.Build.0 = Release|x64
		{FC473D17-D823-4D45-A448-A272F7FA040D}.Release|x86.ActiveCfg = Release|Win32
		{FC473D17-D823-4D45-A448-A272F7FA040D}.Release|x86.Build.0 = Release|Win32
		{C5165F21-12D8-451E-BC49-68D29DC8FED9}.Debug|Any CPU.ActiveCfg = Debug|Any CPU
		{C5165F21-12D8-451E-BC49-68D29DC8FED9}.Debug|Any CPU.Build.0 = Debug|Any CPU
		{C5165F21-12D8-451E-BC49-68D29DC8FED9}.Debug|x64.ActiveCfg = Debug|Any CPU
		{C5165F21-12D8-451E-BC49-68D29DC8FED9}.Debug|x64.Build.0 = Debug|Any CPU
		{C5165F21-12D8-451E-BC49-68D29DC8FED9}.Debug|x86.ActiveCfg = Debug|Any CPU
		{C5165F21-12D8-451E-BC49-68D29DC8FED9}.Debug|x86.Build.0 = Debug|Any CPU
		{C5165F21-12D8-451E-BC49-68D29DC8FED9}.Release|Any CPU.ActiveCfg = Release|Any CPU
		{C5165F21-12D8-451E-BC49-68D29DC8FED9}.Release|Any CPU.Build.0 = Release|Any CPU
		{C5165F21-12D8-451E-BC49-68D29DC8FED9}.Release|x64.ActiveCfg = Release|Any CPU
		{C5165F21-12D8-451E-BC49-68D29DC8FED9}.Release|x64.Build.0 = Release|Any CPU
		{C5165F21-12D8-451E-BC49-68D29DC8FED9}.Release|x86.ActiveCfg = Release|Any CPU
		{C5165F21-12D8-451E-BC49-68D29DC8FED9}.Release|x86.Build.0 = Release|Any CPU
		{D52C2852-5975-40E1-BFAC-6B86979CFE54}.Debug|Any CPU.ActiveCfg = Debug|Any CPU
		{D52C2852-5975-40E1-BFAC-6B86979CFE54}.Debug|Any CPU.Build.0 = Debug|Any CPU
		{D52C2852-5975-40E1-BFAC-6B86979CFE54}.Debug|x64.ActiveCfg = Debug|Any CPU
		{D52C2852-5975-40E1-BFAC-6B86979CFE54}.Debug|x64.Build.0 = Debug|Any CPU
		{D52C2852-5975-40E1-BFAC-6B86979CFE54}.Debug|x86.ActiveCfg = Debug|Any CPU
		{D52C2852-5975-40E1-BFAC-6B86979CFE54}.Debug|x86.Build.0 = Debug|Any CPU
		{D52C2852-5975-40E1-BFAC-6B86979CFE54}.Release|Any CPU.ActiveCfg = Release|Any CPU
		{D52C2852-5975-40E1-BFAC-6B86979CFE54}.Release|Any CPU.Build.0 = Release|Any CPU
		{D52C2852-5975-40E1-BFAC-6B86979CFE54}.Release|x64.ActiveCfg = Release|Any CPU
		{D52C2852-5975-40E1-BFAC-6B86979CFE54}.Release|x64.Build.0 = Release|Any CPU
		{D52C2852-5975-40E1-BFAC-6B86979CFE54}.Release|x86.ActiveCfg = Release|Any CPU
		{D52C2852-5975-40E1-BFAC-6B86979CFE54}.Release|x86.Build.0 = Release|Any CPU
	EndGlobalSection
	GlobalSection(SolutionProperties) = preSolution
		HideSolutionNode = FALSE
	EndGlobalSection
	GlobalSection(NestedProjects) = preSolution
		{1BEC6903-9ED0-4D1B-8C38-35EECC99E416} = {43E74058-E7EB-4308-932C-1D90B0325CD1}
		{76944E28-1820-4734-9CCA-525B79034B0E} = {43E74058-E7EB-4308-932C-1D90B0325CD1}
		{562102AE-1D7A-4AF1-B2C7-3D0555AB2884} = {9C847A41-280D-4DA2-A3E6-7F63892471DB}
		{18DE7059-51CB-45BA-9659-E4B01DD9391D} = {9C847A41-280D-4DA2-A3E6-7F63892471DB}
		{A81CB909-A4FA-4BEC-8B0D-C517479468F1} = {F6B87D38-63F8-40E6-BB9E-200576C3B6D8}
		{DC658B6C-8F0D-4EAA-A8B0-35A32D84099A} = {A81CB909-A4FA-4BEC-8B0D-C517479468F1}
		{B3F9A4B7-3698-4BEC-A929-A408AE12513C} = {A81CB909-A4FA-4BEC-8B0D-C517479468F1}
		{FC473D17-D823-4D45-A448-A272F7FA040D} = {A81CB909-A4FA-4BEC-8B0D-C517479468F1}
		{43E74058-E7EB-4308-932C-1D90B0325CD1} = {F6B87D38-63F8-40E6-BB9E-200576C3B6D8}
		{9C847A41-280D-4DA2-A3E6-7F63892471DB} = {F6B87D38-63F8-40E6-BB9E-200576C3B6D8}
		{C5165F21-12D8-451E-BC49-68D29DC8FED9} = {A4B499B5-15EE-4D8E-8E6E-A6CA9DC525EA}
		{D52C2852-5975-40E1-BFAC-6B86979CFE54} = {A4B499B5-15EE-4D8E-8E6E-A6CA9DC525EA}
	EndGlobalSection
	GlobalSection(ExtensibilityGlobals) = postSolution
		SolutionGuid = {45CF3178-1A09-4FC2-8DF1-DD0EE918A42C}
	EndGlobalSection
EndGlobal
